
Microsoft Visual Studio Solution File, Format Version 12.00
# Visual Studio 15
VisualStudioVersion = 15.0.27703.2035
MinimumVisualStudioVersion = 10.0.40219.1
Project("{FAE04EC0-301F-11D3-BF4B-00C04F79EFBC}") = "MasterBootstrapUygulamasi", "MasterBootstrapUygulamasi\MasterBootstrapUygulamasi.csproj", "{88137FF2-C7E5-4948-9FAC-E41E6E5B5C8E}"
EndProject
Global
	GlobalSection(SolutionConfigurationPlatforms) = preSolution
		Debug|Any CPU = Debug|Any CPU
		Release|Any CPU = Release|Any CPU
	EndGlobalSection
	GlobalSection(ProjectConfigurationPlatforms) = postSolution
		{88137FF2-C7E5-4948-9FAC-E41E6E5B5C8E}.Debug|Any CPU.ActiveCfg = Debug|Any CPU
		{88137FF2-C7E5-4948-9FAC-E41E6E5B5C8E}.Debug|Any CPU.Build.0 = Debug|Any CPU
		{88137FF2-C7E5-4948-9FAC-E41E6E5B5C8E}.Release|Any CPU.ActiveCfg = Release|Any CPU
		{88137FF2-C7E5-4948-9FAC-E41E6E5B5C8E}.Release|Any CPU.Build.0 = Release|Any CPU
	EndGlobalSection
	GlobalSection(SolutionProperties) = preSolution
		HideSolutionNode = FALSE
	EndGlobalSection
	GlobalSection(ExtensibilityGlobals) = postSolution
		SolutionGuid = {75E938A8-8206-4475-9433-E5085EFEA153}
	EndGlobalSection
EndGlobal
