
Microsoft Visual Studio Solution File, Format Version 12.00
# Visual Studio 15
VisualStudioVersion = 15.0.27703.2035
MinimumVisualStudioVersion = 10.0.40219.1
Project("{FAE04EC0-301F-11D3-BF4B-00C04F79EFBC}") = "GridviewDeneme", "GridviewDeneme\GridviewDeneme.csproj", "{8AFDC904-9CBE-4972-A736-AB822710C48F}"
EndProject
Global
	GlobalSection(SolutionConfigurationPlatforms) = preSolution
		Debug|Any CPU = Debug|Any CPU
		Release|Any CPU = Release|Any CPU
	EndGlobalSection
	GlobalSection(ProjectConfigurationPlatforms) = postSolution
		{8AFDC904-9CBE-4972-A736-AB822710C48F}.Debug|Any CPU.ActiveCfg = Debug|Any CPU
		{8AFDC904-9CBE-4972-A736-AB822710C48F}.Debug|Any CPU.Build.0 = Debug|Any CPU
		{8AFDC904-9CBE-4972-A736-AB822710C48F}.Release|Any CPU.ActiveCfg = Release|Any CPU
		{8AFDC904-9CBE-4972-A736-AB822710C48F}.Release|Any CPU.Build.0 = Release|Any CPU
	EndGlobalSection
	GlobalSection(SolutionProperties) = preSolution
		HideSolutionNode = FALSE
	EndGlobalSection
	GlobalSection(ExtensibilityGlobals) = postSolution
		SolutionGuid = {5BEDFB23-58EB-42AB-BB34-5BE94D4716DF}
	EndGlobalSection
EndGlobal
